
Microsoft Visual Studio Solution File, Format Version 12.00
# Visual Studio Version 17
VisualStudioVersion = 17.9.34728.123
MinimumVisualStudioVersion = 10.0.40219.1
Project("{FAE04EC0-301F-11D3-BF4B-00C04F79EFBC}") = "Sistema_BookHub_Online", "Sistema_BookHub_Online\Sistema_BookHub_Online.csproj", "{90D8DF47-82A2-48C3-9733-89903E40E6DE}"
EndProject
Global
	GlobalSection(SolutionConfigurationPlatforms) = preSolution
		Debug|Any CPU = Debug|Any CPU
		Release|Any CPU = Release|Any CPU
	EndGlobalSection
	GlobalSection(ProjectConfigurationPlatforms) = postSolution
		{90D8DF47-82A2-48C3-9733-89903E40E6DE}.Debug|Any CPU.ActiveCfg = Debug|Any CPU
		{90D8DF47-82A2-48C3-9733-89903E40E6DE}.Debug|Any CPU.Build.0 = Debug|Any CPU
		{90D8DF47-82A2-48C3-9733-89903E40E6DE}.Release|Any CPU.ActiveCfg = Release|Any CPU
		{90D8DF47-82A2-48C3-9733-89903E40E6DE}.Release|Any CPU.Build.0 = Release|Any CPU
	EndGlobalSection
	GlobalSection(SolutionProperties) = preSolution
		HideSolutionNode = FALSE
	EndGlobalSection
	GlobalSection(ExtensibilityGlobals) = postSolution
		SolutionGuid = {161BFBFD-E268-49A4-8EAF-84048B3A34C7}
	EndGlobalSection
EndGlobal
